
Microsoft Visual Studio Solution File, Format Version 12.00
# Visual Studio Version 16
VisualStudioVersion = 16.0.29613.14
MinimumVisualStudioVersion = 10.0.40219.1
Project("{FAE04EC0-301F-11D3-BF4B-00C04F79EFBC}") = "Basiceg", "Basiceg\Basiceg.csproj", "{C1C1DBE2-6B5F-4BFB-939E-7F079A4AFA31}"
EndProject
Project("{FAE04EC0-301F-11D3-BF4B-00C04F79EFBC}") = "LoopandConditionalStatements", "LoopandConditionalStatements\LoopandConditionalStatements.csproj", "{FAC7DA83-FE8A-40F6-B85F-16497C2146E8}"
EndProject
Global
	GlobalSection(SolutionConfigurationPlatforms) = preSolution
		Debug|Any CPU = Debug|Any CPU
		Release|Any CPU = Release|Any CPU
	EndGlobalSection
	GlobalSection(ProjectConfigurationPlatforms) = postSolution
		{C1C1DBE2-6B5F-4BFB-939E-7F079A4AFA31}.Debug|Any CPU.ActiveCfg = Debug|Any CPU
		{C1C1DBE2-6B5F-4BFB-939E-7F079A4AFA31}.Debug|Any CPU.Build.0 = Debug|Any CPU
		{C1C1DBE2-6B5F-4BFB-939E-7F079A4AFA31}.Release|Any CPU.ActiveCfg = Release|Any CPU
		{C1C1DBE2-6B5F-4BFB-939E-7F079A4AFA31}.Release|Any CPU.Build.0 = Release|Any CPU
		{FAC7DA83-FE8A-40F6-B85F-16497C2146E8}.Debug|Any CPU.ActiveCfg = Debug|Any CPU
		{FAC7DA83-FE8A-40F6-B85F-16497C2146E8}.Debug|Any CPU.Build.0 = Debug|Any CPU
		{FAC7DA83-FE8A-40F6-B85F-16497C2146E8}.Release|Any CPU.ActiveCfg = Release|Any CPU
		{FAC7DA83-FE8A-40F6-B85F-16497C2146E8}.Release|Any CPU.Build.0 = Release|Any CPU
	EndGlobalSection
	GlobalSection(SolutionProperties) = preSolution
		HideSolutionNode = FALSE
	EndGlobalSection
	GlobalSection(ExtensibilityGlobals) = postSolution
		SolutionGuid = {0F092C96-8160-475B-A0E4-A871969EE092}
	EndGlobalSection
EndGlobal
